// !$*UTF8*$!
{
	archiveVersion = 1;
	classes = {
	};
	objectVersion = 50;
	objects = {

/* Begin PBXBuildFile section */
		68CB15B3236070D300D2A772 /* AppDelegate.swift in Sources */ = {isa = PBXBuildFile; fileRef = 68CB15B2236070D300D2A772 /* AppDelegate.swift */; };
		68CB15B5236070D300D2A772 /* SceneDelegate.swift in Sources */ = {isa = PBXBuildFile; fileRef = 68CB15B4236070D300D2A772 /* SceneDelegate.swift */; };
		68CB15B7236070D300D2A772 /* ViewController.swift in Sources */ = {isa = PBXBuildFile; fileRef = 68CB15B6236070D300D2A772 /* ViewController.swift */; };
		68CB15BA236070D300D2A772 /* Main.storyboard in Resources */ = {isa = PBXBuildFile; fileRef = 68CB15B8236070D300D2A772 /* Main.storyboard */; };
		68CB15BC236070D600D2A772 /* Assets.xcassets in Resources */ = {isa = PBXBuildFile; fileRef = 68CB15BB236070D600D2A772 /* Assets.xcassets */; };
		68CB15BF236070D600D2A772 /* LaunchScreen.storyboard in Resources */ = {isa = PBXBuildFile; fileRef = 68CB15BD236070D600D2A772 /* LaunchScreen.storyboard */; };
		68CB15C7236070FB00D2A772 /* RPicker.swift in Sources */ = {isa = PBXBuildFile; fileRef = 68CB15C6236070FA00D2A772 /* RPicker.swift */; };
		68CB15CD2360710700D2A772 /* 4.png in Resources */ = {isa = PBXBuildFile; fileRef = 68CB15C92360710700D2A772 /* 4.png */; };
		68CB15CE2360710700D2A772 /* 2.png in Resources */ = {isa = PBXBuildFile; fileRef = 68CB15CA2360710700D2A772 /* 2.png */; };
		68CB15CF2360710700D2A772 /* 3.png in Resources */ = {isa = PBXBuildFile; fileRef = 68CB15CB2360710700D2A772 /* 3.png */; };
		68CB15D02360710700D2A772 /* 1.png in Resources */ = {isa = PBXBuildFile; fileRef = 68CB15CC2360710700D2A772 /* 1.png */; };
/* End PBXBuildFile section */

/* Begin PBXFileReference section */
		68CB15AF236070D300D2A772 /* RPicker.app */ = {isa = PBXFileReference; explicitFileType = wrapper.application; includeInIndex = 0; path = RPicker.app; sourceTree = BUILT_PRODUCTS_DIR; };
		68CB15B2236070D300D2A772 /* AppDelegate.swift */ = {isa = PBXFileReference; lastKnownFileType = sourcecode.swift; path = AppDelegate.swift; sourceTree = "<group>"; };
		68CB15B4236070D300D2A772 /* SceneDelegate.swift */ = {isa = PBXFileReference; lastKnownFileType = sourcecode.swift; path = SceneDelegate.swift; sourceTree = "<group>"; };
		68CB15B6236070D300D2A772 /* ViewController.swift */ = {isa = PBXFileReference; lastKnownFileType = sourcecode.swift; path = ViewController.swift; sourceTree = "<group>"; };
		68CB15B9236070D300D2A772 /* Base */ = {isa = PBXFileReference; lastKnownFileType = file.storyboard; name = Base; path = Base.lproj/Main.storyboard; sourceTree = "<group>"; };
		68CB15BB236070D600D2A772 /* Assets.xcassets */ = {isa = PBXFileReference; lastKnownFileType = folder.assetcatalog; path = Assets.xcassets; sourceTree = "<group>"; };
		68CB15BE236070D600D2A772 /* Base */ = {isa = PBXFileReference; lastKnownFileType = file.storyboard; name = Base; path = Base.lproj/LaunchScreen.storyboard; sourceTree = "<group>"; };
		68CB15C0236070D600D2A772 /* Info.plist */ = {isa = PBXFileReference; lastKnownFileType = text.plist.xml; path = Info.plist; sourceTree = "<group>"; };
		68CB15C6236070FA00D2A772 /* RPicker.swift */ = {isa = PBXFileReference; fileEncoding = 4; lastKnownFileType = sourcecode.swift; path = RPicker.swift; sourceTree = "<group>"; };
		68CB15C92360710700D2A772 /* 4.png */ = {isa = PBXFileReference; lastKnownFileType = image.png; path = 4.png; sourceTree = "<group>"; };
		68CB15CA2360710700D2A772 /* 2.png */ = {isa = PBXFileReference; lastKnownFileType = image.png; path = 2.png; sourceTree = "<group>"; };
		68CB15CB2360710700D2A772 /* 3.png */ = {isa = PBXFileReference; lastKnownFileType = image.png; path = 3.png; sourceTree = "<group>"; };
		68CB15CC2360710700D2A772 /* 1.png */ = {isa = PBXFileReference; lastKnownFileType = image.png; path = 1.png; sourceTree = "<group>"; };
/* End PBXFileReference section */

/* Begin PBXFrameworksBuildPhase section */
		68CB15AC236070D300D2A772 /* Frameworks */ = {
			isa = PBXFrameworksBuildPhase;
			buildActionMask = 2147483647;
			files = (
			);
			runOnlyForDeploymentPostprocessing = 0;
		};
/* End PBXFrameworksBuildPhase section */

/* Begin PBXGroup section */
		68CB15A6236070D300D2A772 = {
			isa = PBXGroup;
			children = (
				68CB15C82360710700D2A772 /* Screenshots */,
				68CB15B1236070D300D2A772 /* RPicker */,
				68CB15B0236070D300D2A772 /* Products */,
			);
			sourceTree = "<group>";
		};
		68CB15B0236070D300D2A772 /* Products */ = {
			isa = PBXGroup;
			children = (
				68CB15AF236070D300D2A772 /* RPicker.app */,
			);
			name = Products;
			sourceTree = "<group>";
		};
		68CB15B1236070D300D2A772 /* RPicker */ = {
			isa = PBXGroup;
			children = (
				68CB15C6236070FA00D2A772 /* RPicker.swift */,
				68CB15B2236070D300D2A772 /* AppDelegate.swift */,
				68CB15B4236070D300D2A772 /* SceneDelegate.swift */,
				68CB15B6236070D300D2A772 /* ViewController.swift */,
				68CB15B8236070D300D2A772 /* Main.storyboard */,
				68CB15BB236070D600D2A772 /* Assets.xcassets */,
				68CB15BD236070D600D2A772 /* LaunchScreen.storyboard */,
				68CB15C0236070D600D2A772 /* Info.plist */,
			);
			path = RPicker;
			sourceTree = "<group>";
		};
		68CB15C82360710700D2A772 /* Screenshots */ = {
			isa = PBXGroup;
			children = (
				68CB15C92360710700D2A772 /* 4.png */,
				68CB15CA2360710700D2A772 /* 2.png */,
				68CB15CB2360710700D2A772 /* 3.png */,
				68CB15CC2360710700D2A772 /* 1.png */,
			);
			path = Screenshots;
			sourceTree = "<group>";
		};
/* End PBXGroup section */

/* Begin PBXNativeTarget section */
		68CB15AE236070D300D2A772 /* RPicker */ = {
			isa = PBXNativeTarget;
			buildConfigurationList = 68CB15C3236070D600D2A772 /* Build configuration list for PBXNativeTarget "RPicker" */;
			buildPhases = (
				68CB15AB236070D300D2A772 /* Sources */,
				68CB15AC236070D300D2A772 /* Frameworks */,
				68CB15AD236070D300D2A772 /* Resources */,
			);
			buildRules = (
			);
			dependencies = (
			);
			name = RPicker;
			productName = RPicker;
			productReference = 68CB15AF236070D300D2A772 /* RPicker.app */;
			productType = "com.apple.product-type.application";
		};
/* End PBXNativeTarget section */

/* Begin PBXProject section */
		68CB15A7236070D300D2A772 /* Project object */ = {
			isa = PBXProject;
			attributes = {
				LastSwiftUpdateCheck = 1110;
				LastUpgradeCheck = 1110;
				ORGANIZATIONNAME = "Raj Sharma";
				TargetAttributes = {
					68CB15AE236070D300D2A772 = {
						CreatedOnToolsVersion = 11.1;
					};
				};
			};
			buildConfigurationList = 68CB15AA236070D300D2A772 /* Build configuration list for PBXProject "RPicker" */;
			compatibilityVersion = "Xcode 9.3";
			developmentRegion = en;
			hasScannedForEncodings = 0;
			knownRegions = (
				en,
				Base,
			);
			mainGroup = 68CB15A6236070D300D2A772;
			productRefGroup = 68CB15B0236070D300D2A772 /* Products */;
			projectDirPath = "";
			projectRoot = "";
			targets = (
				68CB15AE236070D300D2A772 /* RPicker */,
			);
		};
/* End PBXProject section */

/* Begin PBXResourcesBuildPhase section */
		68CB15AD236070D300D2A772 /* Resources */ = {
			isa = PBXResourcesBuildPhase;
			buildActionMask = 2147483647;
			files = (
				68CB15CD2360710700D2A772 /* 4.png in Resources */,
				68CB15BF236070D600D2A772 /* LaunchScreen.storyboard in Resources */,
				68CB15CE2360710700D2A772 /* 2.png in Resources */,
				68CB15CF2360710700D2A772 /* 3.png in Resources */,
				68CB15BC236070D600D2A772 /* Assets.xcassets in Resources */,
				68CB15BA236070D300D2A772 /* Main.storyboard in Resources */,
				68CB15D02360710700D2A772 /* 1.png in Resources */,
			);
			runOnlyForDeploymentPostprocessing = 0;
		};
/* End PBXResourcesBuildPhase section */

/* Begin PBXSourcesBuildPhase section */
		68CB15AB236070D300D2A772 /* Sources */ = {
			isa = PBXSourcesBuildPhase;
			buildActionMask = 2147483647;
			files = (
				68CB15C7236070FB00D2A772 /* RPicker.swift in Sources */,
				68CB15B7236070D300D2A772 /* ViewController.swift in Sources */,
				68CB15B3236070D300D2A772 /* AppDelegate.swift in Sources */,
				68CB15B5236070D300D2A772 /* SceneDelegate.swift in Sources */,
			);
			runOnlyForDeploymentPostprocessing = 0;
		};
/* End PBXSourcesBuildPhase section */

/* Begin PBXVariantGroup section */
		68CB15B8236070D300D2A772 /* Main.storyboard */ = {
			isa = PBXVariantGroup;
			children = (
				68CB15B9236070D300D2A772 /* Base */,
			);
			name = Main.storyboard;
			sourceTree = "<group>";
		};
		68CB15BD236070D600D2A772 /* LaunchScreen.storyboard */ = {
			isa = PBXVariantGroup;
			children = (
				68CB15BE236070D600D2A772 /* Base */,
			);
			name = LaunchScreen.storyboard;
			sourceTree = "<group>";
		};
/* End PBXVariantGroup section */

/* Begin XCBuildConfiguration section */
		68CB15C1236070D600D2A772 /* Debug */ = {
			isa = XCBuildConfiguration;
			buildSettings = {
				ALWAYS_SEARCH_USER_PATHS = NO;
				CLANG_ANALYZER_NONNULL = YES;
				CLANG_ANALYZER_NUMBER_OBJECT_CONVERSION = YES_AGGRESSIVE;
				CLANG_CXX_LANGUAGE_STANDARD = "gnu++14";
				CLANG_CXX_LIBRARY = "libc++";
				CLANG_ENABLE_MODULES = YES;
				CLANG_ENABLE_OBJC_ARC = YES;
				CLANG_ENABLE_OBJC_WEAK = YES;
				CLANG_WARN_BLOCK_CAPTURE_AUTORELEASING = YES;
				CLANG_WARN_BOOL_CONVERSION = YES;
				CLANG_WARN_COMMA = YES;
				CLANG_WARN_CONSTANT_CONVERSION = YES;
				CLANG_WARN_DEPRECATED_OBJC_IMPLEMENTATIONS = YES;
				CLANG_WARN_DIRECT_OBJC_ISA_USAGE = YES_ERROR;
				CLANG_WARN_DOCUMENTATION_COMMENTS = YES;
				CLANG_WARN_EMPTY_BODY = YES;
				CLANG_WARN_ENUM_CONVERSION = YES;
				CLANG_WARN_INFINITE_RECURSION = YES;
				CLANG_WARN_INT_CONVERSION = YES;
				CLANG_WARN_NON_LITERAL_NULL_CONVERSION = YES;
				CLANG_WARN_OBJC_IMPLICIT_RETAIN_SELF = YES;
				CLANG_WARN_OBJC_LITERAL_CONVERSION = YES;
				CLANG_WARN_OBJC_ROOT_CLASS = YES_ERROR;
				CLANG_WARN_RANGE_LOOP_ANALYSIS = YES;
				CLANG_WARN_STRICT_PROTOTYPES = YES;
				CLANG_WARN_SUSPICIOUS_MOVE = YES;
				CLANG_WARN_UNGUARDED_AVAILABILITY = YES_AGGRESSIVE;
				CLANG_WARN_UNREACHABLE_CODE = YES;
				CLANG_WARN__DUPLICATE_METHOD_MATCH = YES;
				COPY_PHASE_STRIP = NO;
				DEBUG_INFORMATION_FORMAT = dwarf;
				ENABLE_STRICT_OBJC_MSGSEND = YES;
				ENABLE_TESTABILITY = YES;
				GCC_C_LANGUAGE_STANDARD = gnu11;
				GCC_DYNAMIC_NO_PIC = NO;
				GCC_NO_COMMON_BLOCKS = YES;
				GCC_OPTIMIZATION_LEVEL = 0;
				GCC_PREPROCESSOR_DEFINITIONS = (
					"DEBUG=1",
					"$(inherited)",
				);
				GCC_WARN_64_TO_32_BIT_CONVERSION = YES;
				GCC_WARN_ABOUT_RETURN_TYPE = YES_ERROR;
				GCC_WARN_UNDECLARED_SELECTOR = YES;
				GCC_WARN_UNINITIALIZED_AUTOS = YES_AGGRESSIVE;
				GCC_WARN_UNUSED_FUNCTION = YES;
				GCC_WARN_UNUSED_VARIABLE = YES;
				IPHONEOS_DEPLOYMENT_TARGET = 13.1;
				MTL_ENABLE_DEBUG_INFO = INCLUDE_SOURCE;
				MTL_FAST_MATH = YES;
				ONLY_ACTIVE_ARCH = YES;
				SDKROOT = iphoneos;
				SWIFT_ACTIVE_COMPILATION_CONDITIONS = DEBUG;
				SWIFT_OPTIMIZATION_LEVEL = "-Onone";
			};
			name = Debug;
		};
		68CB15C2236070D600D2A772 /* Release */ = {
			isa = XCBuildConfiguration;
			buildSettings = {
				ALWAYS_SEARCH_USER_PATHS = NO;
				CLANG_ANALYZER_NONNULL = YES;
				CLANG_ANALYZER_NUMBER_OBJECT_CONVERSION = YES_AGGRESSIVE;
				CLANG_CXX_LANGUAGE_STANDARD = "gnu++14";
				CLANG_CXX_LIBRARY = "libc++";
				CLANG_ENABLE_MODULES = YES;
				CLANG_ENABLE_OBJC_ARC = YES;
				CLANG_ENABLE_OBJC_WEAK = YES;
				CLANG_WARN_BLOCK_CAPTURE_AUTORELEASING = YES;
				CLANG_WARN_BOOL_CONVERSION = YES;
				CLANG_WARN_COMMA = YES;
				CLANG_WARN_CONSTANT_CONVERSION = YES;
				CLANG_WARN_DEPRECATED_OBJC_IMPLEMENTATIONS = YES;
				CLANG_WARN_DIRECT_OBJC_ISA_USAGE = YES_ERROR;
				CLANG_WARN_DOCUMENTATION_COMMENTS = YES;
				CLANG_WARN_EMPTY_BODY = YES;
				CLANG_WARN_ENUM_CONVERSION = YES;
				CLANG_WARN_INFINITE_RECURSION = YES;
				CLANG_WARN_INT_CONVERSION = YES;
				CLANG_WARN_NON_LITERAL_NULL_CONVERSION = YES;
				CLANG_WARN_OBJC_IMPLICIT_RETAIN_SELF = YES;
				CLANG_WARN_OBJC_LITERAL_CONVERSION = YES;
				CLANG_WARN_OBJC_ROOT_CLASS = YES_ERROR;
				CLANG_WARN_RANGE_LOOP_ANALYSIS = YES;
				CLANG_WARN_STRICT_PROTOTYPES = YES;
				CLANG_WARN_SUSPICIOUS_MOVE = YES;
				CLANG_WARN_UNGUARDED_AVAILABILITY = YES_AGGRESSIVE;
				CLANG_WARN_UNREACHABLE_CODE = YES;
				CLANG_WARN__DUPLICATE_METHOD_MATCH = YES;
				COPY_PHASE_STRIP = NO;
				DEBUG_INFORMATION_FORMAT = "dwarf-with-dsym";
				ENABLE_NS_ASSERTIONS = NO;
				ENABLE_STRICT_OBJC_MSGSEND = YES;
				GCC_C_LANGUAGE_STANDARD = gnu11;
				GCC_NO_COMMON_BLOCKS = YES;
				GCC_WARN_64_TO_32_BIT_CONVERSION = YES;
				GCC_WARN_ABOUT_RETURN_TYPE = YES_ERROR;
				GCC_WARN_UNDECLARED_SELECTOR = YES;
				GCC_WARN_UNINITIALIZED_AUTOS = YES_AGGRESSIVE;
				GCC_WARN_UNUSED_FUNCTION = YES;
				GCC_WARN_UNUSED_VARIABLE = YES;
				IPHONEOS_DEPLOYMENT_TARGET = 13.1;
				MTL_ENABLE_DEBUG_INFO = NO;
				MTL_FAST_MATH = YES;
				SDKROOT = iphoneos;
				SWIFT_COMPILATION_MODE = wholemodule;
				SWIFT_OPTIMIZATION_LEVEL = "-O";
				VALIDATE_PRODUCT = YES;
			};
			name = Release;
		};
		68CB15C4236070D600D2A772 /* Debug */ = {
			isa = XCBuildConfiguration;
			buildSettings = {
				ASSETCATALOG_COMPILER_APPICON_NAME = AppIcon;
				CODE_SIGN_STYLE = Automatic;
				INFOPLIST_FILE = RPicker/Info.plist;
				IPHONEOS_DEPLOYMENT_TARGET = 13.0;
				LD_RUNPATH_SEARCH_PATHS = (
					"$(inherited)",
					"@executable_path/Frameworks",
				);
				PRODUCT_BUNDLE_IDENTIFIER = Rheyansh.RPicker;
				PRODUCT_NAME = "$(TARGET_NAME)";
				SWIFT_VERSION = 5.0;
				TARGETED_DEVICE_FAMILY = "1,2";
			};
			name = Debug;
		};
		68CB15C5236070D600D2A772 /* Release */ = {
			isa = XCBuildConfiguration;
			buildSettings = {
				ASSETCATALOG_COMPILER_APPICON_NAME = AppIcon;
				CODE_SIGN_STYLE = Automatic;
				INFOPLIST_FILE = RPicker/Info.plist;
				IPHONEOS_DEPLOYMENT_TARGET = 13.0;
				LD_RUNPATH_SEARCH_PATHS = (
					"$(inherited)",
					"@executable_path/Frameworks",
				);
				PRODUCT_BUNDLE_IDENTIFIER = Rheyansh.RPicker;
				PRODUCT_NAME = "$(TARGET_NAME)";
				SWIFT_VERSION = 5.0;
				TARGETED_DEVICE_FAMILY = "1,2";
			};
			name = Release;
		};
/* End XCBuildConfiguration section */

/* Begin XCConfigurationList section */
		68CB15AA236070D300D2A772 /* Build configuration list for PBXProject "RPicker" */ = {
			isa = XCConfigurationList;
			buildConfigurations = (
				68CB15C1236070D600D2A772 /* Debug */,
				68CB15C2236070D600D2A772 /* Release */,
			);
			defaultConfigurationIsVisible = 0;
			defaultConfigurationName = Release;
		};
		68CB15C3236070D600D2A772 /* Build configuration list for PBXNativeTarget "RPicker" */ = {
			isa = XCConfigurationList;
			buildConfigurations = (
				68CB15C4236070D600D2A772 /* Debug */,
				68CB15C5236070D600D2A772 /* Release */,
			);
			defaultConfigurationIsVisible = 0;
			defaultConfigurationName = Release;
		};
/* End XCConfigurationList section */
	};
	rootObject = 68CB15A7236070D300D2A772 /* Project object */;
}
